
Microsoft Visual Studio Solution File, Format Version 12.00
# Visual Studio 2013
VisualStudioVersion = 12.0.21005.1
MinimumVisualStudioVersion = 10.0.40219.1
Project("{E24C65DC-7377-472B-9ABA-BC803B73C61A}") = "Planska20", "http://localhost:23922", "{44D21B42-4A5A-4223-B784-48D0D8F9CE1B}"
	ProjectSection(WebsiteProperties) = preProject
		UseIISExpress = "true"
		TargetFrameworkMoniker = ".NETFramework,Version%3Dv4.5"
		Debug.AspNetCompiler.VirtualPath = "/localhost_23922"
		Debug.AspNetCompiler.PhysicalPath = "Planska20\"
		Debug.AspNetCompiler.TargetPath = "PrecompiledWeb\localhost_23922\"
		Debug.AspNetCompiler.Updateable = "true"
		Debug.AspNetCompiler.ForceOverwrite = "true"
		Debug.AspNetCompiler.FixedNames = "false"
		Debug.AspNetCompiler.Debug = "True"
		Release.AspNetCompiler.VirtualPath = "/localhost_23922"
		Release.AspNetCompiler.PhysicalPath = "Planska20\"
		Release.AspNetCompiler.TargetPath = "PrecompiledWeb\localhost_23922\"
		Release.AspNetCompiler.Updateable = "true"
		Release.AspNetCompiler.ForceOverwrite = "true"
		Release.AspNetCompiler.FixedNames = "false"
		Release.AspNetCompiler.Debug = "False"
		SlnRelativePath = "Planska20\"
		DefaultWebSiteLanguage = "Visual C#"
	EndProjectSection
EndProject
Project("{FAE04EC0-301F-11D3-BF4B-00C04F79EFBC}") = "Planska20.Common", "Planska20.Common\Planska20.Common.csproj", "{4DCD3688-F496-452E-9FD7-479D1E83B4BF}"
EndProject
Project("{FAE04EC0-301F-11D3-BF4B-00C04F79EFBC}") = "Planska20.Web", "Planska20.Web\Planska20.Web.csproj", "{92AB57A1-5E35-4FAA-97C6-D3D7B839A099}"
EndProject
Global
	GlobalSection(SolutionConfigurationPlatforms) = preSolution
		Debug|Any CPU = Debug|Any CPU
		Release|Any CPU = Release|Any CPU
	EndGlobalSection
	GlobalSection(ProjectConfigurationPlatforms) = postSolution
		{44D21B42-4A5A-4223-B784-48D0D8F9CE1B}.Debug|Any CPU.ActiveCfg = Debug|Any CPU
		{44D21B42-4A5A-4223-B784-48D0D8F9CE1B}.Debug|Any CPU.Build.0 = Debug|Any CPU
		{44D21B42-4A5A-4223-B784-48D0D8F9CE1B}.Release|Any CPU.ActiveCfg = Debug|Any CPU
		{44D21B42-4A5A-4223-B784-48D0D8F9CE1B}.Release|Any CPU.Build.0 = Debug|Any CPU
		{4DCD3688-F496-452E-9FD7-479D1E83B4BF}.Debug|Any CPU.ActiveCfg = Debug|Any CPU
		{4DCD3688-F496-452E-9FD7-479D1E83B4BF}.Debug|Any CPU.Build.0 = Debug|Any CPU
		{4DCD3688-F496-452E-9FD7-479D1E83B4BF}.Release|Any CPU.ActiveCfg = Release|Any CPU
		{4DCD3688-F496-452E-9FD7-479D1E83B4BF}.Release|Any CPU.Build.0 = Release|Any CPU
		{92AB57A1-5E35-4FAA-97C6-D3D7B839A099}.Debug|Any CPU.ActiveCfg = Debug|Any CPU
		{92AB57A1-5E35-4FAA-97C6-D3D7B839A099}.Debug|Any CPU.Build.0 = Debug|Any CPU
		{92AB57A1-5E35-4FAA-97C6-D3D7B839A099}.Release|Any CPU.ActiveCfg = Release|Any CPU
		{92AB57A1-5E35-4FAA-97C6-D3D7B839A099}.Release|Any CPU.Build.0 = Release|Any CPU
	EndGlobalSection
	GlobalSection(SolutionProperties) = preSolution
		HideSolutionNode = FALSE
	EndGlobalSection
EndGlobal
